
Microsoft Visual Studio Solution File, Format Version 12.00
# Visual Studio Version 17
VisualStudioVersion = 17.7.34031.279
MinimumVisualStudioVersion = 10.0.40219.1
Project("{FAE04EC0-301F-11D3-BF4B-00C04F79EFBC}") = "FinalProject", "FinalProject\FinalProject.csproj", "{AFAE7898-C758-42AB-B792-9C25452E5824}"
EndProject
Global
	GlobalSection(SolutionConfigurationPlatforms) = preSolution
		Debug|Any CPU = Debug|Any CPU
		Release|Any CPU = Release|Any CPU
	EndGlobalSection
	GlobalSection(ProjectConfigurationPlatforms) = postSolution
		{AFAE7898-C758-42AB-B792-9C25452E5824}.Debug|Any CPU.ActiveCfg = Debug|Any CPU
		{AFAE7898-C758-42AB-B792-9C25452E5824}.Debug|Any CPU.Build.0 = Debug|Any CPU
		{AFAE7898-C758-42AB-B792-9C25452E5824}.Release|Any CPU.ActiveCfg = Release|Any CPU
		{AFAE7898-C758-42AB-B792-9C25452E5824}.Release|Any CPU.Build.0 = Release|Any CPU
	EndGlobalSection
	GlobalSection(SolutionProperties) = preSolution
		HideSolutionNode = FALSE
	EndGlobalSection
	GlobalSection(ExtensibilityGlobals) = postSolution
		SolutionGuid = {D3A323C3-1390-40AA-B151-D204B95BC7A1}
	EndGlobalSection
EndGlobal
